
Microsoft Visual Studio Solution File, Format Version 12.00
# Visual Studio Version 17
VisualStudioVersion = 17.14.36221.1 d17.14
MinimumVisualStudioVersion = 10.0.40219.1
Project("{FAE04EC0-301F-11D3-BF4B-00C04F79EFBC}") = "Bookstore", "Bookstore\Bookstore.csproj", "{FE688840-7C35-4356-BC91-9371F89DF321}"
EndProject
Global
	GlobalSection(SolutionConfigurationPlatforms) = preSolution
		Debug|Any CPU = Debug|Any CPU
		Release|Any CPU = Release|Any CPU
	EndGlobalSection
	GlobalSection(ProjectConfigurationPlatforms) = postSolution
		{FE688840-7C35-4356-BC91-9371F89DF321}.Debug|Any CPU.ActiveCfg = Debug|Any CPU
		{FE688840-7C35-4356-BC91-9371F89DF321}.Debug|Any CPU.Build.0 = Debug|Any CPU
		{FE688840-7C35-4356-BC91-9371F89DF321}.Release|Any CPU.ActiveCfg = Release|Any CPU
		{FE688840-7C35-4356-BC91-9371F89DF321}.Release|Any CPU.Build.0 = Release|Any CPU
	EndGlobalSection
	GlobalSection(SolutionProperties) = preSolution
		HideSolutionNode = FALSE
	EndGlobalSection
	GlobalSection(ExtensibilityGlobals) = postSolution
		SolutionGuid = {2AE7A2C5-22C9-4EF6-B4BC-0162A7062B67}
	EndGlobalSection
EndGlobal
